
Microsoft Visual Studio Solution File, Format Version 12.00
# Visual Studio Version 17
VisualStudioVersion = 17.3.32825.248
MinimumVisualStudioVersion = 10.0.40219.1
Project("{FAE04EC0-301F-11D3-BF4B-00C04F79EFBC}") = "MarkdownSorter", "MarkdownSorter\MarkdownSorter.csproj", "{ED6DBDC9-4905-4F7B-8A80-AC3F490C6C7E}"
EndProject
Global
	GlobalSection(SolutionConfigurationPlatforms) = preSolution
		Debug|Any CPU = Debug|Any CPU
		Release|Any CPU = Release|Any CPU
	EndGlobalSection
	GlobalSection(ProjectConfigurationPlatforms) = postSolution
		{ED6DBDC9-4905-4F7B-8A80-AC3F490C6C7E}.Debug|Any CPU.ActiveCfg = Debug|Any CPU
		{ED6DBDC9-4905-4F7B-8A80-AC3F490C6C7E}.Debug|Any CPU.Build.0 = Debug|Any CPU
		{ED6DBDC9-4905-4F7B-8A80-AC3F490C6C7E}.Release|Any CPU.ActiveCfg = Release|Any CPU
		{ED6DBDC9-4905-4F7B-8A80-AC3F490C6C7E}.Release|Any CPU.Build.0 = Release|Any CPU
	EndGlobalSection
	GlobalSection(SolutionProperties) = preSolution
		HideSolutionNode = FALSE
	EndGlobalSection
	GlobalSection(ExtensibilityGlobals) = postSolution
		SolutionGuid = {4A75F657-4E88-4B13-BEBC-3443DC3FE32A}
	EndGlobalSection
EndGlobal
